
Microsoft Visual Studio Solution File, Format Version 12.00
# Visual Studio 14
VisualStudioVersion = 14.0.25420.1
MinimumVisualStudioVersion = 10.0.40219.1
Project("{FAE04EC0-301F-11D3-BF4B-00C04F79EFBC}") = "WpfTestGDI", "WpfTestGDI\WpfTestGDI.csproj", "{49D94C97-5CF7-46BF-A269-8ADA4CEEF60E}"
EndProject
Project("{FAE04EC0-301F-11D3-BF4B-00C04F79EFBC}") = "SimpleChart", "SimpleChart\SimpleChart.csproj", "{2ED690AF-B5F4-44FC-BE62-7902CD0A4249}"
EndProject
Project("{FAE04EC0-301F-11D3-BF4B-00C04F79EFBC}") = "ClassicChart", "ClassicChart\ClassicChart.csproj", "{7E0CABA6-0251-4F4D-98E3-7CF6FDDF809C}"
EndProject
Global
	GlobalSection(SolutionConfigurationPlatforms) = preSolution
		Debug|Any CPU = Debug|Any CPU
		Release|Any CPU = Release|Any CPU
	EndGlobalSection
	GlobalSection(ProjectConfigurationPlatforms) = postSolution
		{49D94C97-5CF7-46BF-A269-8ADA4CEEF60E}.Debug|Any CPU.ActiveCfg = Debug|Any CPU
		{49D94C97-5CF7-46BF-A269-8ADA4CEEF60E}.Debug|Any CPU.Build.0 = Debug|Any CPU
		{49D94C97-5CF7-46BF-A269-8ADA4CEEF60E}.Release|Any CPU.ActiveCfg = Release|Any CPU
		{49D94C97-5CF7-46BF-A269-8ADA4CEEF60E}.Release|Any CPU.Build.0 = Release|Any CPU
		{2ED690AF-B5F4-44FC-BE62-7902CD0A4249}.Debug|Any CPU.ActiveCfg = Debug|Any CPU
		{2ED690AF-B5F4-44FC-BE62-7902CD0A4249}.Debug|Any CPU.Build.0 = Debug|Any CPU
		{2ED690AF-B5F4-44FC-BE62-7902CD0A4249}.Release|Any CPU.ActiveCfg = Release|Any CPU
		{2ED690AF-B5F4-44FC-BE62-7902CD0A4249}.Release|Any CPU.Build.0 = Release|Any CPU
		{7E0CABA6-0251-4F4D-98E3-7CF6FDDF809C}.Debug|Any CPU.ActiveCfg = Debug|Any CPU
		{7E0CABA6-0251-4F4D-98E3-7CF6FDDF809C}.Debug|Any CPU.Build.0 = Debug|Any CPU
		{7E0CABA6-0251-4F4D-98E3-7CF6FDDF809C}.Release|Any CPU.ActiveCfg = Release|Any CPU
		{7E0CABA6-0251-4F4D-98E3-7CF6FDDF809C}.Release|Any CPU.Build.0 = Release|Any CPU
	EndGlobalSection
	GlobalSection(SolutionProperties) = preSolution
		HideSolutionNode = FALSE
	EndGlobalSection
EndGlobal
